// !$*UTF8*$!
{
	archiveVersion = 1;
	classes = {
	};
	objectVersion = 56;
	objects = {

/* Begin PBXBuildFile section */
		69C8432C2ADD25F300AAEC6E /* FenjalAlhaifApp.swift in Sources */ = {isa = PBXBuildFile; fileRef = 69C8432B2ADD25F300AAEC6E /* FenjalAlhaifApp.swift */; };
		69C8432E2ADD25F300AAEC6E /* ContentView.swift in Sources */ = {isa = PBXBuildFile; fileRef = 69C8432D2ADD25F300AAEC6E /* ContentView.swift */; };
		69C843302ADD25F400AAEC6E /* Assets.xcassets in Resources */ = {isa = PBXBuildFile; fileRef = 69C8432F2ADD25F400AAEC6E /* Assets.xcassets */; };
		69C843332ADD25F400AAEC6E /* Preview Assets.xcassets in Resources */ = {isa = PBXBuildFile; fileRef = 69C843322ADD25F400AAEC6E /* Preview Assets.xcassets */; };
		69C8433A2ADD26AF00AAEC6E /* GifImage.swift in Sources */ = {isa = PBXBuildFile; fileRef = 69C843392ADD26AF00AAEC6E /* GifImage.swift */; };
		69C8433C2ADD26E200AAEC6E /* الشايب.gif in Resources */ = {isa = PBXBuildFile; fileRef = 69C8433B2ADD26E200AAEC6E /* الشايب.gif */; };
		69C8433E2ADD26EB00AAEC6E /* #5 غلي المكونات.gif in Resources */ = {isa = PBXBuildFile; fileRef = 69C8433D2ADD26EB00AAEC6E /* #5 غلي المكونات.gif */; };
		69C843422ADD271300AAEC6E /* # 2 Options page.gif in Resources */ = {isa = PBXBuildFile; fileRef = 69C843412ADD271300AAEC6E /* # 2 Options page.gif */; };
		69C843462ADD275A00AAEC6E /* خلفية الطاحونة.gif in Resources */ = {isa = PBXBuildFile; fileRef = 69C843452ADD275A00AAEC6E /* خلفية الطاحونة.gif */; };
		69C843482ADD27D700AAEC6E /* #1 Home page.gif in Resources */ = {isa = PBXBuildFile; fileRef = 69C843472ADD27D700AAEC6E /* #1 Home page.gif */; };
		69C8434A2ADD28C700AAEC6E /* background2.mp3 in Resources */ = {isa = PBXBuildFile; fileRef = 69C843492ADD28C700AAEC6E /* background2.mp3 */; };
		69C8434C2ADD28D700AAEC6E /* home.sound.mp3 in Resources */ = {isa = PBXBuildFile; fileRef = 69C8434B2ADD28D700AAEC6E /* home.sound.mp3 */; };
		69C8434E2ADD28FC00AAEC6E /* pour12.mp3 in Resources */ = {isa = PBXBuildFile; fileRef = 69C8434D2ADD28FC00AAEC6E /* pour12.mp3 */; };
		69C843502ADD296B00AAEC6E /* oven1.gif in Resources */ = {isa = PBXBuildFile; fileRef = 69C8434F2ADD296B00AAEC6E /* oven1.gif */; };
/* End PBXBuildFile section */

/* Begin PBXFileReference section */
		69C843282ADD25F300AAEC6E /* FenjalAlhaif.app */ = {isa = PBXFileReference; explicitFileType = wrapper.application; includeInIndex = 0; path = FenjalAlhaif.app; sourceTree = BUILT_PRODUCTS_DIR; };
		69C8432B2ADD25F300AAEC6E /* FenjalAlhaifApp.swift */ = {isa = PBXFileReference; lastKnownFileType = sourcecode.swift; path = FenjalAlhaifApp.swift; sourceTree = "<group>"; };
		69C8432D2ADD25F300AAEC6E /* ContentView.swift */ = {isa = PBXFileReference; lastKnownFileType = sourcecode.swift; path = ContentView.swift; sourceTree = "<group>"; };
		69C8432F2ADD25F400AAEC6E /* Assets.xcassets */ = {isa = PBXFileReference; lastKnownFileType = folder.assetcatalog; path = Assets.xcassets; sourceTree = "<group>"; };
		69C843322ADD25F400AAEC6E /* Preview Assets.xcassets */ = {isa = PBXFileReference; lastKnownFileType = folder.assetcatalog; path = "Preview Assets.xcassets"; sourceTree = "<group>"; };
		69C843392ADD26AF00AAEC6E /* GifImage.swift */ = {isa = PBXFileReference; lastKnownFileType = sourcecode.swift; path = GifImage.swift; sourceTree = "<group>"; };
		69C8433B2ADD26E200AAEC6E /* الشايب.gif */ = {isa = PBXFileReference; lastKnownFileType = image.gif; path = "الشايب.gif"; sourceTree = "<group>"; };
		69C8433D2ADD26EB00AAEC6E /* #5 غلي المكونات.gif */ = {isa = PBXFileReference; lastKnownFileType = image.gif; path = "#5 غلي المكونات.gif"; sourceTree = "<group>"; };
		69C843412ADD271300AAEC6E /* # 2 Options page.gif */ = {isa = PBXFileReference; lastKnownFileType = image.gif; path = "# 2 Options page.gif"; sourceTree = "<group>"; };
		69C843452ADD275A00AAEC6E /* خلفية الطاحونة.gif */ = {isa = PBXFileReference; lastKnownFileType = image.gif; path = "خلفية الطاحونة.gif"; sourceTree = "<group>"; };
		69C843472ADD27D700AAEC6E /* #1 Home page.gif */ = {isa = PBXFileReference; lastKnownFileType = image.gif; path = "#1 Home page.gif"; sourceTree = "<group>"; };
		69C843492ADD28C700AAEC6E /* background2.mp3 */ = {isa = PBXFileReference; lastKnownFileType = audio.mp3; path = background2.mp3; sourceTree = "<group>"; };
		69C8434B2ADD28D700AAEC6E /* home.sound.mp3 */ = {isa = PBXFileReference; lastKnownFileType = audio.mp3; path = home.sound.mp3; sourceTree = "<group>"; };
		69C8434D2ADD28FC00AAEC6E /* pour12.mp3 */ = {isa = PBXFileReference; lastKnownFileType = audio.mp3; path = pour12.mp3; sourceTree = "<group>"; };
		69C8434F2ADD296B00AAEC6E /* oven1.gif */ = {isa = PBXFileReference; lastKnownFileType = image.gif; path = oven1.gif; sourceTree = "<group>"; };
/* End PBXFileReference section */

/* Begin PBXFrameworksBuildPhase section */
		69C843252ADD25F300AAEC6E /* Frameworks */ = {
			isa = PBXFrameworksBuildPhase;
			buildActionMask = 2147483647;
			files = (
			);
			runOnlyForDeploymentPostprocessing = 0;
		};
/* End PBXFrameworksBuildPhase section */

/* Begin PBXGroup section */
		69C8431F2ADD25F300AAEC6E = {
			isa = PBXGroup;
			children = (
				69C8432A2ADD25F300AAEC6E /* FenjalAlhaif */,
				69C843292ADD25F300AAEC6E /* Products */,
			);
			sourceTree = "<group>";
		};
		69C843292ADD25F300AAEC6E /* Products */ = {
			isa = PBXGroup;
			children = (
				69C843282ADD25F300AAEC6E /* FenjalAlhaif.app */,
			);
			name = Products;
			sourceTree = "<group>";
		};
		69C8432A2ADD25F300AAEC6E /* FenjalAlhaif */ = {
			isa = PBXGroup;
			children = (
				69C8432B2ADD25F300AAEC6E /* FenjalAlhaifApp.swift */,
				69C8432D2ADD25F300AAEC6E /* ContentView.swift */,
				69C843472ADD27D700AAEC6E /* #1 Home page.gif */,
				69C843412ADD271300AAEC6E /* # 2 Options page.gif */,
				69C8433D2ADD26EB00AAEC6E /* #5 غلي المكونات.gif */,
				69C8433B2ADD26E200AAEC6E /* الشايب.gif */,
				69C843452ADD275A00AAEC6E /* خلفية الطاحونة.gif */,
				69C8434F2ADD296B00AAEC6E /* oven1.gif */,
				69C843492ADD28C700AAEC6E /* background2.mp3 */,
				69C8434B2ADD28D700AAEC6E /* home.sound.mp3 */,
				69C8434D2ADD28FC00AAEC6E /* pour12.mp3 */,
				69C8432F2ADD25F400AAEC6E /* Assets.xcassets */,
				69C843312ADD25F400AAEC6E /* Preview Content */,
				69C843392ADD26AF00AAEC6E /* GifImage.swift */,
			);
			path = FenjalAlhaif;
			sourceTree = "<group>";
		};
		69C843312ADD25F400AAEC6E /* Preview Content */ = {
			isa = PBXGroup;
			children = (
				69C843322ADD25F400AAEC6E /* Preview Assets.xcassets */,
			);
			path = "Preview Content";
			sourceTree = "<group>";
		};
/* End PBXGroup section */

/* Begin PBXNativeTarget section */
		69C843272ADD25F300AAEC6E /* FenjalAlhaif */ = {
			isa = PBXNativeTarget;
			buildConfigurationList = 69C843362ADD25F400AAEC6E /* Build configuration list for PBXNativeTarget "FenjalAlhaif" */;
			buildPhases = (
				69C843242ADD25F300AAEC6E /* Sources */,
				69C843252ADD25F300AAEC6E /* Frameworks */,
				69C843262ADD25F300AAEC6E /* Resources */,
			);
			buildRules = (
			);
			dependencies = (
			);
			name = FenjalAlhaif;
			productName = FenjalAlhaif;
			productReference = 69C843282ADD25F300AAEC6E /* FenjalAlhaif.app */;
			productType = "com.apple.product-type.application";
		};
/* End PBXNativeTarget section */

/* Begin PBXProject section */
		69C843202ADD25F300AAEC6E /* Project object */ = {
			isa = PBXProject;
			attributes = {
				BuildIndependentTargetsInParallel = 1;
				LastSwiftUpdateCheck = 1500;
				LastUpgradeCheck = 1500;
				TargetAttributes = {
					69C843272ADD25F300AAEC6E = {
						CreatedOnToolsVersion = 15.0;
					};
				};
			};
			buildConfigurationList = 69C843232ADD25F300AAEC6E /* Build configuration list for PBXProject "FenjalAlhaif" */;
			compatibilityVersion = "Xcode 14.0";
			developmentRegion = en;
			hasScannedForEncodings = 0;
			knownRegions = (
				en,
				Base,
			);
			mainGroup = 69C8431F2ADD25F300AAEC6E;
			productRefGroup = 69C843292ADD25F300AAEC6E /* Products */;
			projectDirPath = "";
			projectRoot = "";
			targets = (
				69C843272ADD25F300AAEC6E /* FenjalAlhaif */,
			);
		};
/* End PBXProject section */

/* Begin PBXResourcesBuildPhase section */
		69C843262ADD25F300AAEC6E /* Resources */ = {
			isa = PBXResourcesBuildPhase;
			buildActionMask = 2147483647;
			files = (
				69C843502ADD296B00AAEC6E /* oven1.gif in Resources */,
				69C8433C2ADD26E200AAEC6E /* الشايب.gif in Resources */,
				69C843462ADD275A00AAEC6E /* خلفية الطاحونة.gif in Resources */,
				69C8433E2ADD26EB00AAEC6E /* #5 غلي المكونات.gif in Resources */,
				69C843422ADD271300AAEC6E /* # 2 Options page.gif in Resources */,
				69C843332ADD25F400AAEC6E /* Preview Assets.xcassets in Resources */,
				69C8434E2ADD28FC00AAEC6E /* pour12.mp3 in Resources */,
				69C843482ADD27D700AAEC6E /* #1 Home page.gif in Resources */,
				69C8434C2ADD28D700AAEC6E /* home.sound.mp3 in Resources */,
				69C843302ADD25F400AAEC6E /* Assets.xcassets in Resources */,
				69C8434A2ADD28C700AAEC6E /* background2.mp3 in Resources */,
			);
			runOnlyForDeploymentPostprocessing = 0;
		};
/* End PBXResourcesBuildPhase section */

/* Begin PBXSourcesBuildPhase section */
		69C843242ADD25F300AAEC6E /* Sources */ = {
			isa = PBXSourcesBuildPhase;
			buildActionMask = 2147483647;
			files = (
				69C8432E2ADD25F300AAEC6E /* ContentView.swift in Sources */,
				69C8432C2ADD25F300AAEC6E /* FenjalAlhaifApp.swift in Sources */,
				69C8433A2ADD26AF00AAEC6E /* GifImage.swift in Sources */,
			);
			runOnlyForDeploymentPostprocessing = 0;
		};
/* End PBXSourcesBuildPhase section */

/* Begin XCBuildConfiguration section */
		69C843342ADD25F400AAEC6E /* Debug */ = {
			isa = XCBuildConfiguration;
			buildSettings = {
				ALWAYS_SEARCH_USER_PATHS = NO;
				ASSETCATALOG_COMPILER_GENERATE_SWIFT_ASSET_SYMBOL_EXTENSIONS = YES;
				CLANG_ANALYZER_NONNULL = YES;
				CLANG_ANALYZER_NUMBER_OBJECT_CONVERSION = YES_AGGRESSIVE;
				CLANG_CXX_LANGUAGE_STANDARD = "gnu++20";
				CLANG_ENABLE_MODULES = YES;
				CLANG_ENABLE_OBJC_ARC = YES;
				CLANG_ENABLE_OBJC_WEAK = YES;
				CLANG_WARN_BLOCK_CAPTURE_AUTORELEASING = YES;
				CLANG_WARN_BOOL_CONVERSION = YES;
				CLANG_WARN_COMMA = YES;
				CLANG_WARN_CONSTANT_CONVERSION = YES;
				CLANG_WARN_DEPRECATED_OBJC_IMPLEMENTATIONS = YES;
				CLANG_WARN_DIRECT_OBJC_ISA_USAGE = YES_ERROR;
				CLANG_WARN_DOCUMENTATION_COMMENTS = YES;
				CLANG_WARN_EMPTY_BODY = YES;
				CLANG_WARN_ENUM_CONVERSION = YES;
				CLANG_WARN_INFINITE_RECURSION = YES;
				CLANG_WARN_INT_CONVERSION = YES;
				CLANG_WARN_NON_LITERAL_NULL_CONVERSION = YES;
				CLANG_WARN_OBJC_IMPLICIT_RETAIN_SELF = YES;
				CLANG_WARN_OBJC_LITERAL_CONVERSION = YES;
				CLANG_WARN_OBJC_ROOT_CLASS = YES_ERROR;
				CLANG_WARN_QUOTED_INCLUDE_IN_FRAMEWORK_HEADER = YES;
				CLANG_WARN_RANGE_LOOP_ANALYSIS = YES;
				CLANG_WARN_STRICT_PROTOTYPES = YES;
				CLANG_WARN_SUSPICIOUS_MOVE = YES;
				CLANG_WARN_UNGUARDED_AVAILABILITY = YES_AGGRESSIVE;
				CLANG_WARN_UNREACHABLE_CODE = YES;
				CLANG_WARN__DUPLICATE_METHOD_MATCH = YES;
				COPY_PHASE_STRIP = NO;
				DEBUG_INFORMATION_FORMAT = dwarf;
				ENABLE_STRICT_OBJC_MSGSEND = YES;
				ENABLE_TESTABILITY = YES;
				ENABLE_USER_SCRIPT_SANDBOXING = YES;
				GCC_C_LANGUAGE_STANDARD = gnu17;
				GCC_DYNAMIC_NO_PIC = NO;
				GCC_NO_COMMON_BLOCKS = YES;
				GCC_OPTIMIZATION_LEVEL = 0;
				GCC_PREPROCESSOR_DEFINITIONS = (
					"DEBUG=1",
					"$(inherited)",
				);
				GCC_WARN_64_TO_32_BIT_CONVERSION = YES;
				GCC_WARN_ABOUT_RETURN_TYPE = YES_ERROR;
				GCC_WARN_UNDECLARED_SELECTOR = YES;
				GCC_WARN_UNINITIALIZED_AUTOS = YES_AGGRESSIVE;
				GCC_WARN_UNUSED_FUNCTION = YES;
				GCC_WARN_UNUSED_VARIABLE = YES;
				IPHONEOS_DEPLOYMENT_TARGET = 17.0;
				LOCALIZATION_PREFERS_STRING_CATALOGS = YES;
				MTL_ENABLE_DEBUG_INFO = INCLUDE_SOURCE;
				MTL_FAST_MATH = YES;
				ONLY_ACTIVE_ARCH = YES;
				SDKROOT = iphoneos;
				SWIFT_ACTIVE_COMPILATION_CONDITIONS = "DEBUG $(inherited)";
				SWIFT_OPTIMIZATION_LEVEL = "-Onone";
			};
			name = Debug;
		};
		69C843352ADD25F400AAEC6E /* Release */ = {
			isa = XCBuildConfiguration;
			buildSettings = {
				ALWAYS_SEARCH_USER_PATHS = NO;
				ASSETCATALOG_COMPILER_GENERATE_SWIFT_ASSET_SYMBOL_EXTENSIONS = YES;
				CLANG_ANALYZER_NONNULL = YES;
				CLANG_ANALYZER_NUMBER_OBJECT_CONVERSION = YES_AGGRESSIVE;
				CLANG_CXX_LANGUAGE_STANDARD = "gnu++20";
				CLANG_ENABLE_MODULES = YES;
				CLANG_ENABLE_OBJC_ARC = YES;
				CLANG_ENABLE_OBJC_WEAK = YES;
				CLANG_WARN_BLOCK_CAPTURE_AUTORELEASING = YES;
				CLANG_WARN_BOOL_CONVERSION = YES;
				CLANG_WARN_COMMA = YES;
				CLANG_WARN_CONSTANT_CONVERSION = YES;
				CLANG_WARN_DEPRECATED_OBJC_IMPLEMENTATIONS = YES;
				CLANG_WARN_DIRECT_OBJC_ISA_USAGE = YES_ERROR;
				CLANG_WARN_DOCUMENTATION_COMMENTS = YES;
				CLANG_WARN_EMPTY_BODY = YES;
				CLANG_WARN_ENUM_CONVERSION = YES;
				CLANG_WARN_INFINITE_RECURSION = YES;
				CLANG_WARN_INT_CONVERSION = YES;
				CLANG_WARN_NON_LITERAL_NULL_CONVERSION = YES;
				CLANG_WARN_OBJC_IMPLICIT_RETAIN_SELF = YES;
				CLANG_WARN_OBJC_LITERAL_CONVERSION = YES;
				CLANG_WARN_OBJC_ROOT_CLASS = YES_ERROR;
				CLANG_WARN_QUOTED_INCLUDE_IN_FRAMEWORK_HEADER = YES;
				CLANG_WARN_RANGE_LOOP_ANALYSIS = YES;
				CLANG_WARN_STRICT_PROTOTYPES = YES;
				CLANG_WARN_SUSPICIOUS_MOVE = YES;
				CLANG_WARN_UNGUARDED_AVAILABILITY = YES_AGGRESSIVE;
				CLANG_WARN_UNREACHABLE_CODE = YES;
				CLANG_WARN__DUPLICATE_METHOD_MATCH = YES;
				COPY_PHASE_STRIP = NO;
				DEBUG_INFORMATION_FORMAT = "dwarf-with-dsym";
				ENABLE_NS_ASSERTIONS = NO;
				ENABLE_STRICT_OBJC_MSGSEND = YES;
				ENABLE_USER_SCRIPT_SANDBOXING = YES;
				GCC_C_LANGUAGE_STANDARD = gnu17;
				GCC_NO_COMMON_BLOCKS = YES;
				GCC_WARN_64_TO_32_BIT_CONVERSION = YES;
				GCC_WARN_ABOUT_RETURN_TYPE = YES_ERROR;
				GCC_WARN_UNDECLARED_SELECTOR = YES;
				GCC_WARN_UNINITIALIZED_AUTOS = YES_AGGRESSIVE;
				GCC_WARN_UNUSED_FUNCTION = YES;
				GCC_WARN_UNUSED_VARIABLE = YES;
				IPHONEOS_DEPLOYMENT_TARGET = 17.0;
				LOCALIZATION_PREFERS_STRING_CATALOGS = YES;
				MTL_ENABLE_DEBUG_INFO = NO;
				MTL_FAST_MATH = YES;
				SDKROOT = iphoneos;
				SWIFT_COMPILATION_MODE = wholemodule;
				VALIDATE_PRODUCT = YES;
			};
			name = Release;
		};
		69C843372ADD25F400AAEC6E /* Debug */ = {
			isa = XCBuildConfiguration;
			buildSettings = {
				ASSETCATALOG_COMPILER_APPICON_NAME = AppIcon;
				ASSETCATALOG_COMPILER_GLOBAL_ACCENT_COLOR_NAME = AccentColor;
				CODE_SIGN_STYLE = Automatic;
				CURRENT_PROJECT_VERSION = 1;
				DEVELOPMENT_ASSET_PATHS = "\"FenjalAlhaif/Preview Content\"";
				ENABLE_PREVIEWS = YES;
				GENERATE_INFOPLIST_FILE = YES;
				INFOPLIST_KEY_UIApplicationSceneManifest_Generation = YES;
				INFOPLIST_KEY_UIApplicationSupportsIndirectInputEvents = YES;
				INFOPLIST_KEY_UILaunchScreen_Generation = YES;
				INFOPLIST_KEY_UISupportedInterfaceOrientations_iPad = "UIInterfaceOrientationPortrait UIInterfaceOrientationPortraitUpsideDown UIInterfaceOrientationLandscapeLeft UIInterfaceOrientationLandscapeRight";
				INFOPLIST_KEY_UISupportedInterfaceOrientations_iPhone = "UIInterfaceOrientationPortrait UIInterfaceOrientationLandscapeLeft UIInterfaceOrientationLandscapeRight";
				LD_RUNPATH_SEARCH_PATHS = (
					"$(inherited)",
					"@executable_path/Frameworks",
				);
				MARKETING_VERSION = 1.0;
				PRODUCT_BUNDLE_IDENTIFIER = Twq.FenjalAlhaif;
				PRODUCT_NAME = "$(TARGET_NAME)";
				SWIFT_EMIT_LOC_STRINGS = YES;
				SWIFT_VERSION = 5.0;
				TARGETED_DEVICE_FAMILY = "1,2";
			};
			name = Debug;
		};
		69C843382ADD25F400AAEC6E /* Release */ = {
			isa = XCBuildConfiguration;
			buildSettings = {
				ASSETCATALOG_COMPILER_APPICON_NAME = AppIcon;
				ASSETCATALOG_COMPILER_GLOBAL_ACCENT_COLOR_NAME = AccentColor;
				CODE_SIGN_STYLE = Automatic;
				CURRENT_PROJECT_VERSION = 1;
				DEVELOPMENT_ASSET_PATHS = "\"FenjalAlhaif/Preview Content\"";
				ENABLE_PREVIEWS = YES;
				GENERATE_INFOPLIST_FILE = YES;
				INFOPLIST_KEY_UIApplicationSceneManifest_Generation = YES;
				INFOPLIST_KEY_UIApplicationSupportsIndirectInputEvents = YES;
				INFOPLIST_KEY_UILaunchScreen_Generation = YES;
				INFOPLIST_KEY_UISupportedInterfaceOrientations_iPad = "UIInterfaceOrientationPortrait UIInterfaceOrientationPortraitUpsideDown UIInterfaceOrientationLandscapeLeft UIInterfaceOrientationLandscapeRight";
				INFOPLIST_KEY_UISupportedInterfaceOrientations_iPhone = "UIInterfaceOrientationPortrait UIInterfaceOrientationLandscapeLeft UIInterfaceOrientationLandscapeRight";
				LD_RUNPATH_SEARCH_PATHS = (
					"$(inherited)",
					"@executable_path/Frameworks",
				);
				MARKETING_VERSION = 1.0;
				PRODUCT_BUNDLE_IDENTIFIER = Twq.FenjalAlhaif;
				PRODUCT_NAME = "$(TARGET_NAME)";
				SWIFT_EMIT_LOC_STRINGS = YES;
				SWIFT_VERSION = 5.0;
				TARGETED_DEVICE_FAMILY = "1,2";
			};
			name = Release;
		};
/* End XCBuildConfiguration section */

/* Begin XCConfigurationList section */
		69C843232ADD25F300AAEC6E /* Build configuration list for PBXProject "FenjalAlhaif" */ = {
			isa = XCConfigurationList;
			buildConfigurations = (
				69C843342ADD25F400AAEC6E /* Debug */,
				69C843352ADD25F400AAEC6E /* Release */,
			);
			defaultConfigurationIsVisible = 0;
			defaultConfigurationName = Release;
		};
		69C843362ADD25F400AAEC6E /* Build configuration list for PBXNativeTarget "FenjalAlhaif" */ = {
			isa = XCConfigurationList;
			buildConfigurations = (
				69C843372ADD25F400AAEC6E /* Debug */,
				69C843382ADD25F400AAEC6E /* Release */,
			);
			defaultConfigurationIsVisible = 0;
			defaultConfigurationName = Release;
		};
/* End XCConfigurationList section */
	};
	rootObject = 69C843202ADD25F300AAEC6E /* Project object */;
}
